
Microsoft Visual Studio Solution File, Format Version 12.00
# Visual Studio Version 17
VisualStudioVersion = 17.9.34622.214
MinimumVisualStudioVersion = 10.0.40219.1
Project("{9A19103F-16F7-4668-BE54-9A1E7A4F7556}") = "SecretLetter.Browser", "SecretLetter.Browser\SecretLetter.Browser.csproj", "{BB8A0A05-6B1C-4C97-94EB-4B21E0CA17BE}"
EndProject
Project("{9A19103F-16F7-4668-BE54-9A1E7A4F7556}") = "SecretLetter", "SecretLetter\SecretLetter.csproj", "{B8718F8E-0AE5-44DF-8033-CCB7A88EE89F}"
EndProject
Project("{9A19103F-16F7-4668-BE54-9A1E7A4F7556}") = "SecretLetter.Simulator", "SecretLetter.Simulator\SecretLetter.Simulator.csproj", "{0E5818E6-844B-493F-A960-E7F4C35E1878}"
EndProject
Project("{FAE04EC0-301F-11D3-BF4B-00C04F79EFBC}") = "Textfyre.UI", "Textfyre.UI\Textfyre.UI.csproj", "{326D3D82-A40A-49E2-A404-D4B884FA6143}"
EndProject
Project("{FAE04EC0-301F-11D3-BF4B-00C04F79EFBC}") = "Textfyre.VM", "Textfyre.VM\Textfyre.VM.csproj", "{10CA6459-3AE5-43A2-8257-75DB24C2E9B8}"
EndProject
Project("{FAE04EC0-301F-11D3-BF4B-00C04F79EFBC}") = "Textfyre.UI.Transcript.Lib", "Textfyre.UI.Transcript.Lib\Textfyre.UI.Transcript.Lib.csproj", "{1E423C7B-345C-4A1F-AB06-BDD7105CE150}"
EndProject
Project("{FAE04EC0-301F-11D3-BF4B-00C04F79EFBC}") = "Textfyre.UI.Transcript.Popup", "Textfyre.UI.Transcript.Popup\Textfyre.UI.Transcript.Popup.csproj", "{C3784C7E-DA02-4948-947D-D4BE7F0AC352}"
EndProject
Global
	GlobalSection(SolutionConfigurationPlatforms) = preSolution
		Debug|Any CPU = Debug|Any CPU
		Release|Any CPU = Release|Any CPU
	EndGlobalSection
	GlobalSection(ProjectConfigurationPlatforms) = postSolution
		{BB8A0A05-6B1C-4C97-94EB-4B21E0CA17BE}.Debug|Any CPU.ActiveCfg = Debug|Any CPU
		{BB8A0A05-6B1C-4C97-94EB-4B21E0CA17BE}.Debug|Any CPU.Build.0 = Debug|Any CPU
		{BB8A0A05-6B1C-4C97-94EB-4B21E0CA17BE}.Release|Any CPU.ActiveCfg = Release|Any CPU
		{BB8A0A05-6B1C-4C97-94EB-4B21E0CA17BE}.Release|Any CPU.Build.0 = Release|Any CPU
		{B8718F8E-0AE5-44DF-8033-CCB7A88EE89F}.Debug|Any CPU.ActiveCfg = Debug|Any CPU
		{B8718F8E-0AE5-44DF-8033-CCB7A88EE89F}.Debug|Any CPU.Build.0 = Debug|Any CPU
		{B8718F8E-0AE5-44DF-8033-CCB7A88EE89F}.Release|Any CPU.ActiveCfg = Release|Any CPU
		{B8718F8E-0AE5-44DF-8033-CCB7A88EE89F}.Release|Any CPU.Build.0 = Release|Any CPU
		{0E5818E6-844B-493F-A960-E7F4C35E1878}.Debug|Any CPU.ActiveCfg = Debug|Any CPU
		{0E5818E6-844B-493F-A960-E7F4C35E1878}.Debug|Any CPU.Build.0 = Debug|Any CPU
		{0E5818E6-844B-493F-A960-E7F4C35E1878}.Release|Any CPU.ActiveCfg = Release|Any CPU
		{0E5818E6-844B-493F-A960-E7F4C35E1878}.Release|Any CPU.Build.0 = Release|Any CPU
		{326D3D82-A40A-49E2-A404-D4B884FA6143}.Debug|Any CPU.ActiveCfg = Debug|Any CPU
		{326D3D82-A40A-49E2-A404-D4B884FA6143}.Debug|Any CPU.Build.0 = Debug|Any CPU
		{326D3D82-A40A-49E2-A404-D4B884FA6143}.Release|Any CPU.ActiveCfg = Release|Any CPU
		{326D3D82-A40A-49E2-A404-D4B884FA6143}.Release|Any CPU.Build.0 = Release|Any CPU
		{10CA6459-3AE5-43A2-8257-75DB24C2E9B8}.Debug|Any CPU.ActiveCfg = Debug|Any CPU
		{10CA6459-3AE5-43A2-8257-75DB24C2E9B8}.Debug|Any CPU.Build.0 = Debug|Any CPU
		{10CA6459-3AE5-43A2-8257-75DB24C2E9B8}.Release|Any CPU.ActiveCfg = Release|Any CPU
		{10CA6459-3AE5-43A2-8257-75DB24C2E9B8}.Release|Any CPU.Build.0 = Release|Any CPU
		{1E423C7B-345C-4A1F-AB06-BDD7105CE150}.Debug|Any CPU.ActiveCfg = Debug|Any CPU
		{1E423C7B-345C-4A1F-AB06-BDD7105CE150}.Debug|Any CPU.Build.0 = Debug|Any CPU
		{1E423C7B-345C-4A1F-AB06-BDD7105CE150}.Release|Any CPU.ActiveCfg = Release|Any CPU
		{1E423C7B-345C-4A1F-AB06-BDD7105CE150}.Release|Any CPU.Build.0 = Release|Any CPU
		{C3784C7E-DA02-4948-947D-D4BE7F0AC352}.Debug|Any CPU.ActiveCfg = Debug|Any CPU
		{C3784C7E-DA02-4948-947D-D4BE7F0AC352}.Debug|Any CPU.Build.0 = Debug|Any CPU
		{C3784C7E-DA02-4948-947D-D4BE7F0AC352}.Release|Any CPU.ActiveCfg = Release|Any CPU
		{C3784C7E-DA02-4948-947D-D4BE7F0AC352}.Release|Any CPU.Build.0 = Release|Any CPU
	EndGlobalSection
	GlobalSection(SolutionProperties) = preSolution
		HideSolutionNode = FALSE
	EndGlobalSection
	GlobalSection(ExtensibilityGlobals) = postSolution
		SolutionGuid = {4E6E9418-1996-42B3-AE21-1E1FE440B546}
	EndGlobalSection
EndGlobal
